// !$*UTF8*$!
{
	archiveVersion = 1;
	classes = {
	};
	objectVersion = 46;
	objects = {

/* Begin PBXBuildFile section */
		B498B0D424D6023537D6B727 /* Pods_mMiji.framework in Frameworks */ = {isa = PBXBuildFile; fileRef = B1D39122DEC3955CF66E985F /* Pods_mMiji.framework */; };
		E701B52A1C0B87E500C01D82 /* W11.json in Resources */ = {isa = PBXBuildFile; fileRef = E701B5291C0B87E500C01D82 /* W11.json */; };
		E702DC811C15B56700273EB8 /* SpeedAndCadence.swift in Sources */ = {isa = PBXBuildFile; fileRef = E702DC801C15B56700273EB8 /* SpeedAndCadence.swift */; };
		E729B3361BE0E7BD0083D163 /* CSCDevice.swift in Sources */ = {isa = PBXBuildFile; fileRef = E729B3351BE0E7BD0083D163 /* CSCDevice.swift */; };
		E729B3381BE0E9B80083D163 /* CSCDeviceData.swift in Sources */ = {isa = PBXBuildFile; fileRef = E729B3371BE0E9B80083D163 /* CSCDeviceData.swift */; };
		E73D2BFA1C27709600FEF6A9 /* CSCDevice.swift in Sources */ = {isa = PBXBuildFile; fileRef = E729B3351BE0E7BD0083D163 /* CSCDevice.swift */; };
		E73D2BFB1C2770A300FEF6A9 /* CSCDevice.swift in Sources */ = {isa = PBXBuildFile; fileRef = E729B3351BE0E7BD0083D163 /* CSCDevice.swift */; };
		E73D2BFC1C2770A800FEF6A9 /* SpeedAndCadence.swift in Sources */ = {isa = PBXBuildFile; fileRef = E702DC801C15B56700273EB8 /* SpeedAndCadence.swift */; };
		E73D2BFD1C2770A800FEF6A9 /* SpeedAndCadence.swift in Sources */ = {isa = PBXBuildFile; fileRef = E702DC801C15B56700273EB8 /* SpeedAndCadence.swift */; };
		E74593381C28F7FD00471C90 /* CSCDeviceCell.swift in Sources */ = {isa = PBXBuildFile; fileRef = E74593371C28F7FD00471C90 /* CSCDeviceCell.swift */; };
		E7637E641BE8DAB000A04107 /* WorkoutsViewController.swift in Sources */ = {isa = PBXBuildFile; fileRef = E7637E631BE8DAB000A04107 /* WorkoutsViewController.swift */; };
		E7637E651BE8DAB000A04107 /* WorkoutsViewController.swift in Sources */ = {isa = PBXBuildFile; fileRef = E7637E631BE8DAB000A04107 /* WorkoutsViewController.swift */; };
		E7637E661BE8DAB000A04107 /* WorkoutsViewController.swift in Sources */ = {isa = PBXBuildFile; fileRef = E7637E631BE8DAB000A04107 /* WorkoutsViewController.swift */; };
		E7637E681BEA2AFF00A04107 /* DevicesViewController.swift in Sources */ = {isa = PBXBuildFile; fileRef = E7637E671BEA2AFF00A04107 /* DevicesViewController.swift */; };
		E7637E691BEA2AFF00A04107 /* DevicesViewController.swift in Sources */ = {isa = PBXBuildFile; fileRef = E7637E671BEA2AFF00A04107 /* DevicesViewController.swift */; };
		E7637E6A1BEA2AFF00A04107 /* DevicesViewController.swift in Sources */ = {isa = PBXBuildFile; fileRef = E7637E671BEA2AFF00A04107 /* DevicesViewController.swift */; };
		E79534621BDA499A00C1C93C /* AppDelegate.swift in Sources */ = {isa = PBXBuildFile; fileRef = E79534611BDA499A00C1C93C /* AppDelegate.swift */; };
		E79534671BDA499A00C1C93C /* Main.storyboard in Resources */ = {isa = PBXBuildFile; fileRef = E79534651BDA499A00C1C93C /* Main.storyboard */; };
		E79534691BDA499A00C1C93C /* Assets.xcassets in Resources */ = {isa = PBXBuildFile; fileRef = E79534681BDA499A00C1C93C /* Assets.xcassets */; };
		E795346C1BDA499A00C1C93C /* LaunchScreen.storyboard in Resources */ = {isa = PBXBuildFile; fileRef = E795346A1BDA499A00C1C93C /* LaunchScreen.storyboard */; };
		E79534771BDA499A00C1C93C /* mMijiTests.swift in Sources */ = {isa = PBXBuildFile; fileRef = E79534761BDA499A00C1C93C /* mMijiTests.swift */; };
		E79534821BDA499A00C1C93C /* mMijiUITests.swift in Sources */ = {isa = PBXBuildFile; fileRef = E79534811BDA499A00C1C93C /* mMijiUITests.swift */; };
		E79534B51BDA4AB100C1C93C /* W13.json in Resources */ = {isa = PBXBuildFile; fileRef = E795348F1BDA4AB100C1C93C /* W13.json */; };
		E79534B61BDA4AB100C1C93C /* W13.json in Resources */ = {isa = PBXBuildFile; fileRef = E795348F1BDA4AB100C1C93C /* W13.json */; };
		E79534B71BDA4AB100C1C93C /* W13.json in Resources */ = {isa = PBXBuildFile; fileRef = E795348F1BDA4AB100C1C93C /* W13.json */; };
		E79534B81BDA4AB100C1C93C /* W14.json in Resources */ = {isa = PBXBuildFile; fileRef = E79534901BDA4AB100C1C93C /* W14.json */; };
		E79534B91BDA4AB100C1C93C /* W14.json in Resources */ = {isa = PBXBuildFile; fileRef = E79534901BDA4AB100C1C93C /* W14.json */; };
		E79534BA1BDA4AB100C1C93C /* W14.json in Resources */ = {isa = PBXBuildFile; fileRef = E79534901BDA4AB100C1C93C /* W14.json */; };
		E79534BB1BDA4AB100C1C93C /* W15.json in Resources */ = {isa = PBXBuildFile; fileRef = E79534911BDA4AB100C1C93C /* W15.json */; };
		E79534BC1BDA4AB100C1C93C /* W15.json in Resources */ = {isa = PBXBuildFile; fileRef = E79534911BDA4AB100C1C93C /* W15.json */; };
		E79534BD1BDA4AB100C1C93C /* W15.json in Resources */ = {isa = PBXBuildFile; fileRef = E79534911BDA4AB100C1C93C /* W15.json */; };
		E79534BE1BDA4AB100C1C93C /* W16.json in Resources */ = {isa = PBXBuildFile; fileRef = E79534921BDA4AB100C1C93C /* W16.json */; };
		E79534BF1BDA4AB100C1C93C /* W16.json in Resources */ = {isa = PBXBuildFile; fileRef = E79534921BDA4AB100C1C93C /* W16.json */; };
		E79534C01BDA4AB100C1C93C /* W16.json in Resources */ = {isa = PBXBuildFile; fileRef = E79534921BDA4AB100C1C93C /* W16.json */; };
		E79534C11BDA4AB100C1C93C /* W17.json in Resources */ = {isa = PBXBuildFile; fileRef = E79534931BDA4AB100C1C93C /* W17.json */; };
		E79534C21BDA4AB100C1C93C /* W17.json in Resources */ = {isa = PBXBuildFile; fileRef = E79534931BDA4AB100C1C93C /* W17.json */; };
		E79534C31BDA4AB100C1C93C /* W17.json in Resources */ = {isa = PBXBuildFile; fileRef = E79534931BDA4AB100C1C93C /* W17.json */; };
		E79534C41BDA4AB100C1C93C /* W18.json in Resources */ = {isa = PBXBuildFile; fileRef = E79534941BDA4AB100C1C93C /* W18.json */; };
		E79534C51BDA4AB100C1C93C /* W18.json in Resources */ = {isa = PBXBuildFile; fileRef = E79534941BDA4AB100C1C93C /* W18.json */; };
		E79534C61BDA4AB100C1C93C /* W18.json in Resources */ = {isa = PBXBuildFile; fileRef = E79534941BDA4AB100C1C93C /* W18.json */; };
		E79534C71BDA4AB100C1C93C /* W19.json in Resources */ = {isa = PBXBuildFile; fileRef = E79534951BDA4AB100C1C93C /* W19.json */; };
		E79534C81BDA4AB100C1C93C /* W19.json in Resources */ = {isa = PBXBuildFile; fileRef = E79534951BDA4AB100C1C93C /* W19.json */; };
		E79534C91BDA4AB100C1C93C /* W19.json in Resources */ = {isa = PBXBuildFile; fileRef = E79534951BDA4AB100C1C93C /* W19.json */; };
		E79534CA1BDA4AB100C1C93C /* W20.json in Resources */ = {isa = PBXBuildFile; fileRef = E79534961BDA4AB100C1C93C /* W20.json */; };
		E79534CB1BDA4AB100C1C93C /* W20.json in Resources */ = {isa = PBXBuildFile; fileRef = E79534961BDA4AB100C1C93C /* W20.json */; };
		E79534CC1BDA4AB100C1C93C /* W20.json in Resources */ = {isa = PBXBuildFile; fileRef = E79534961BDA4AB100C1C93C /* W20.json */; };
		E79534CD1BDA4AB100C1C93C /* W21.json in Resources */ = {isa = PBXBuildFile; fileRef = E79534971BDA4AB100C1C93C /* W21.json */; };
		E79534CE1BDA4AB100C1C93C /* W21.json in Resources */ = {isa = PBXBuildFile; fileRef = E79534971BDA4AB100C1C93C /* W21.json */; };
		E79534CF1BDA4AB100C1C93C /* W21.json in Resources */ = {isa = PBXBuildFile; fileRef = E79534971BDA4AB100C1C93C /* W21.json */; };
		E79534D01BDA4AB100C1C93C /* W22.json in Resources */ = {isa = PBXBuildFile; fileRef = E79534981BDA4AB100C1C93C /* W22.json */; };
		E79534D11BDA4AB100C1C93C /* W22.json in Resources */ = {isa = PBXBuildFile; fileRef = E79534981BDA4AB100C1C93C /* W22.json */; };
		E79534D21BDA4AB100C1C93C /* W22.json in Resources */ = {isa = PBXBuildFile; fileRef = E79534981BDA4AB100C1C93C /* W22.json */; };
		E79534D31BDA4AB100C1C93C /* W23.json in Resources */ = {isa = PBXBuildFile; fileRef = E79534991BDA4AB100C1C93C /* W23.json */; };
		E79534D41BDA4AB100C1C93C /* W23.json in Resources */ = {isa = PBXBuildFile; fileRef = E79534991BDA4AB100C1C93C /* W23.json */; };
		E79534D51BDA4AB100C1C93C /* W23.json in Resources */ = {isa = PBXBuildFile; fileRef = E79534991BDA4AB100C1C93C /* W23.json */; };
		E79534D61BDA4AB100C1C93C /* W24.json in Resources */ = {isa = PBXBuildFile; fileRef = E795349A1BDA4AB100C1C93C /* W24.json */; };
		E79534D71BDA4AB100C1C93C /* W24.json in Resources */ = {isa = PBXBuildFile; fileRef = E795349A1BDA4AB100C1C93C /* W24.json */; };
		E79534D81BDA4AB100C1C93C /* W24.json in Resources */ = {isa = PBXBuildFile; fileRef = E795349A1BDA4AB100C1C93C /* W24.json */; };
		E79534D91BDA4AB100C1C93C /* W25.json in Resources */ = {isa = PBXBuildFile; fileRef = E795349B1BDA4AB100C1C93C /* W25.json */; };
		E79534DA1BDA4AB100C1C93C /* W25.json in Resources */ = {isa = PBXBuildFile; fileRef = E795349B1BDA4AB100C1C93C /* W25.json */; };
		E79534DB1BDA4AB100C1C93C /* W25.json in Resources */ = {isa = PBXBuildFile; fileRef = E795349B1BDA4AB100C1C93C /* W25.json */; };
		E79534DC1BDA4AB100C1C93C /* W26.json in Resources */ = {isa = PBXBuildFile; fileRef = E795349C1BDA4AB100C1C93C /* W26.json */; };
		E79534DD1BDA4AB100C1C93C /* W26.json in Resources */ = {isa = PBXBuildFile; fileRef = E795349C1BDA4AB100C1C93C /* W26.json */; };
		E79534DE1BDA4AB100C1C93C /* W26.json in Resources */ = {isa = PBXBuildFile; fileRef = E795349C1BDA4AB100C1C93C /* W26.json */; };
		E79534DF1BDA4AB100C1C93C /* W27.json in Resources */ = {isa = PBXBuildFile; fileRef = E795349D1BDA4AB100C1C93C /* W27.json */; };
		E79534E01BDA4AB100C1C93C /* W27.json in Resources */ = {isa = PBXBuildFile; fileRef = E795349D1BDA4AB100C1C93C /* W27.json */; };
		E79534E11BDA4AB100C1C93C /* W27.json in Resources */ = {isa = PBXBuildFile; fileRef = E795349D1BDA4AB100C1C93C /* W27.json */; };
		E79534E21BDA4AB100C1C93C /* W28.json in Resources */ = {isa = PBXBuildFile; fileRef = E795349E1BDA4AB100C1C93C /* W28.json */; };
		E79534E31BDA4AB100C1C93C /* W28.json in Resources */ = {isa = PBXBuildFile; fileRef = E795349E1BDA4AB100C1C93C /* W28.json */; };
		E79534E41BDA4AB100C1C93C /* W28.json in Resources */ = {isa = PBXBuildFile; fileRef = E795349E1BDA4AB100C1C93C /* W28.json */; };
		E79534E51BDA4AB100C1C93C /* W29.json in Resources */ = {isa = PBXBuildFile; fileRef = E795349F1BDA4AB100C1C93C /* W29.json */; };
		E79534E61BDA4AB100C1C93C /* W29.json in Resources */ = {isa = PBXBuildFile; fileRef = E795349F1BDA4AB100C1C93C /* W29.json */; };
		E79534E71BDA4AB100C1C93C /* W29.json in Resources */ = {isa = PBXBuildFile; fileRef = E795349F1BDA4AB100C1C93C /* W29.json */; };
		E79534E81BDA4AB100C1C93C /* W30.json in Resources */ = {isa = PBXBuildFile; fileRef = E79534A01BDA4AB100C1C93C /* W30.json */; };
		E79534E91BDA4AB100C1C93C /* W30.json in Resources */ = {isa = PBXBuildFile; fileRef = E79534A01BDA4AB100C1C93C /* W30.json */; };
		E79534EA1BDA4AB100C1C93C /* W30.json in Resources */ = {isa = PBXBuildFile; fileRef = E79534A01BDA4AB100C1C93C /* W30.json */; };
		E79534EB1BDA4AB100C1C93C /* W31.json in Resources */ = {isa = PBXBuildFile; fileRef = E79534A11BDA4AB100C1C93C /* W31.json */; };
		E79534EC1BDA4AB100C1C93C /* W31.json in Resources */ = {isa = PBXBuildFile; fileRef = E79534A11BDA4AB100C1C93C /* W31.json */; };
		E79534ED1BDA4AB100C1C93C /* W31.json in Resources */ = {isa = PBXBuildFile; fileRef = E79534A11BDA4AB100C1C93C /* W31.json */; };
		E79534EE1BDA4AB100C1C93C /* W32.json in Resources */ = {isa = PBXBuildFile; fileRef = E79534A21BDA4AB100C1C93C /* W32.json */; };
		E79534EF1BDA4AB100C1C93C /* W32.json in Resources */ = {isa = PBXBuildFile; fileRef = E79534A21BDA4AB100C1C93C /* W32.json */; };
		E79534F01BDA4AB100C1C93C /* W32.json in Resources */ = {isa = PBXBuildFile; fileRef = E79534A21BDA4AB100C1C93C /* W32.json */; };
		E79534F11BDA4AB100C1C93C /* W33.json in Resources */ = {isa = PBXBuildFile; fileRef = E79534A31BDA4AB100C1C93C /* W33.json */; };
		E79534F21BDA4AB100C1C93C /* W33.json in Resources */ = {isa = PBXBuildFile; fileRef = E79534A31BDA4AB100C1C93C /* W33.json */; };
		E79534F31BDA4AB100C1C93C /* W33.json in Resources */ = {isa = PBXBuildFile; fileRef = E79534A31BDA4AB100C1C93C /* W33.json */; };
		E79534F41BDA4AB100C1C93C /* W34.json in Resources */ = {isa = PBXBuildFile; fileRef = E79534A41BDA4AB100C1C93C /* W34.json */; };
		E79534F51BDA4AB100C1C93C /* W34.json in Resources */ = {isa = PBXBuildFile; fileRef = E79534A41BDA4AB100C1C93C /* W34.json */; };
		E79534F61BDA4AB100C1C93C /* W34.json in Resources */ = {isa = PBXBuildFile; fileRef = E79534A41BDA4AB100C1C93C /* W34.json */; };
		E79534F71BDA4AB100C1C93C /* W35.json in Resources */ = {isa = PBXBuildFile; fileRef = E79534A51BDA4AB100C1C93C /* W35.json */; };
		E79534F81BDA4AB100C1C93C /* W35.json in Resources */ = {isa = PBXBuildFile; fileRef = E79534A51BDA4AB100C1C93C /* W35.json */; };
		E79534F91BDA4AB100C1C93C /* W35.json in Resources */ = {isa = PBXBuildFile; fileRef = E79534A51BDA4AB100C1C93C /* W35.json */; };
		E79534FA1BDA4AB100C1C93C /* W36.json in Resources */ = {isa = PBXBuildFile; fileRef = E79534A61BDA4AB100C1C93C /* W36.json */; };
		E79534FB1BDA4AB100C1C93C /* W36.json in Resources */ = {isa = PBXBuildFile; fileRef = E79534A61BDA4AB100C1C93C /* W36.json */; };
		E79534FC1BDA4AB100C1C93C /* W36.json in Resources */ = {isa = PBXBuildFile; fileRef = E79534A61BDA4AB100C1C93C /* W36.json */; };
		E79534FD1BDA4AB100C1C93C /* W37.json in Resources */ = {isa = PBXBuildFile; fileRef = E79534A71BDA4AB100C1C93C /* W37.json */; };
		E79534FE1BDA4AB100C1C93C /* W37.json in Resources */ = {isa = PBXBuildFile; fileRef = E79534A71BDA4AB100C1C93C /* W37.json */; };
		E79534FF1BDA4AB100C1C93C /* W37.json in Resources */ = {isa = PBXBuildFile; fileRef = E79534A71BDA4AB100C1C93C /* W37.json */; };
		E79535001BDA4AB100C1C93C /* W38.json in Resources */ = {isa = PBXBuildFile; fileRef = E79534A81BDA4AB100C1C93C /* W38.json */; };
		E79535011BDA4AB100C1C93C /* W38.json in Resources */ = {isa = PBXBuildFile; fileRef = E79534A81BDA4AB100C1C93C /* W38.json */; };
		E79535021BDA4AB100C1C93C /* W38.json in Resources */ = {isa = PBXBuildFile; fileRef = E79534A81BDA4AB100C1C93C /* W38.json */; };
		E79535031BDA4AB100C1C93C /* W39.json in Resources */ = {isa = PBXBuildFile; fileRef = E79534A91BDA4AB100C1C93C /* W39.json */; };
		E79535041BDA4AB100C1C93C /* W39.json in Resources */ = {isa = PBXBuildFile; fileRef = E79534A91BDA4AB100C1C93C /* W39.json */; };
		E79535051BDA4AB100C1C93C /* W39.json in Resources */ = {isa = PBXBuildFile; fileRef = E79534A91BDA4AB100C1C93C /* W39.json */; };
		E79535061BDA4AB100C1C93C /* W40.json in Resources */ = {isa = PBXBuildFile; fileRef = E79534AA1BDA4AB100C1C93C /* W40.json */; };
		E79535071BDA4AB100C1C93C /* W40.json in Resources */ = {isa = PBXBuildFile; fileRef = E79534AA1BDA4AB100C1C93C /* W40.json */; };
		E79535081BDA4AB100C1C93C /* W40.json in Resources */ = {isa = PBXBuildFile; fileRef = E79534AA1BDA4AB100C1C93C /* W40.json */; };
		E79535091BDA4AB100C1C93C /* W41.json in Resources */ = {isa = PBXBuildFile; fileRef = E79534AB1BDA4AB100C1C93C /* W41.json */; };
		E795350A1BDA4AB100C1C93C /* W41.json in Resources */ = {isa = PBXBuildFile; fileRef = E79534AB1BDA4AB100C1C93C /* W41.json */; };
		E795350B1BDA4AB100C1C93C /* W41.json in Resources */ = {isa = PBXBuildFile; fileRef = E79534AB1BDA4AB100C1C93C /* W41.json */; };
		E795350C1BDA4AB100C1C93C /* W42.json in Resources */ = {isa = PBXBuildFile; fileRef = E79534AC1BDA4AB100C1C93C /* W42.json */; };
		E795350D1BDA4AB100C1C93C /* W42.json in Resources */ = {isa = PBXBuildFile; fileRef = E79534AC1BDA4AB100C1C93C /* W42.json */; };
		E795350E1BDA4AB100C1C93C /* W42.json in Resources */ = {isa = PBXBuildFile; fileRef = E79534AC1BDA4AB100C1C93C /* W42.json */; };
		E795350F1BDA4AB100C1C93C /* W43.json in Resources */ = {isa = PBXBuildFile; fileRef = E79534AD1BDA4AB100C1C93C /* W43.json */; };
		E79535101BDA4AB100C1C93C /* W43.json in Resources */ = {isa = PBXBuildFile; fileRef = E79534AD1BDA4AB100C1C93C /* W43.json */; };
		E79535111BDA4AB100C1C93C /* W43.json in Resources */ = {isa = PBXBuildFile; fileRef = E79534AD1BDA4AB100C1C93C /* W43.json */; };
		E79535121BDA4AB100C1C93C /* W44.json in Resources */ = {isa = PBXBuildFile; fileRef = E79534AE1BDA4AB100C1C93C /* W44.json */; };
		E79535131BDA4AB100C1C93C /* W44.json in Resources */ = {isa = PBXBuildFile; fileRef = E79534AE1BDA4AB100C1C93C /* W44.json */; };
		E79535141BDA4AB100C1C93C /* W44.json in Resources */ = {isa = PBXBuildFile; fileRef = E79534AE1BDA4AB100C1C93C /* W44.json */; };
		E79535151BDA4AB100C1C93C /* W45.json in Resources */ = {isa = PBXBuildFile; fileRef = E79534AF1BDA4AB100C1C93C /* W45.json */; };
		E79535161BDA4AB100C1C93C /* W45.json in Resources */ = {isa = PBXBuildFile; fileRef = E79534AF1BDA4AB100C1C93C /* W45.json */; };
		E79535171BDA4AB100C1C93C /* W45.json in Resources */ = {isa = PBXBuildFile; fileRef = E79534AF1BDA4AB100C1C93C /* W45.json */; };
		E79535181BDA4AB100C1C93C /* W46.json in Resources */ = {isa = PBXBuildFile; fileRef = E79534B01BDA4AB100C1C93C /* W46.json */; };
		E79535191BDA4AB100C1C93C /* W46.json in Resources */ = {isa = PBXBuildFile; fileRef = E79534B01BDA4AB100C1C93C /* W46.json */; };
		E795351A1BDA4AB100C1C93C /* W46.json in Resources */ = {isa = PBXBuildFile; fileRef = E79534B01BDA4AB100C1C93C /* W46.json */; };
		E795351B1BDA4AB100C1C93C /* W47.json in Resources */ = {isa = PBXBuildFile; fileRef = E79534B11BDA4AB100C1C93C /* W47.json */; };
		E795351C1BDA4AB100C1C93C /* W47.json in Resources */ = {isa = PBXBuildFile; fileRef = E79534B11BDA4AB100C1C93C /* W47.json */; };
		E795351D1BDA4AB100C1C93C /* W47.json in Resources */ = {isa = PBXBuildFile; fileRef = E79534B11BDA4AB100C1C93C /* W47.json */; };
		E795351E1BDA4AB100C1C93C /* W48.json in Resources */ = {isa = PBXBuildFile; fileRef = E79534B21BDA4AB100C1C93C /* W48.json */; };
		E795351F1BDA4AB100C1C93C /* W48.json in Resources */ = {isa = PBXBuildFile; fileRef = E79534B21BDA4AB100C1C93C /* W48.json */; };
		E79535201BDA4AB100C1C93C /* W48.json in Resources */ = {isa = PBXBuildFile; fileRef = E79534B21BDA4AB100C1C93C /* W48.json */; };
		E79535211BDA4AB100C1C93C /* W49.json in Resources */ = {isa = PBXBuildFile; fileRef = E79534B31BDA4AB100C1C93C /* W49.json */; };
		E79535221BDA4AB100C1C93C /* W49.json in Resources */ = {isa = PBXBuildFile; fileRef = E79534B31BDA4AB100C1C93C /* W49.json */; };
		E79535231BDA4AB100C1C93C /* W49.json in Resources */ = {isa = PBXBuildFile; fileRef = E79534B31BDA4AB100C1C93C /* W49.json */; };
		E79535241BDA4AB100C1C93C /* W50.json in Resources */ = {isa = PBXBuildFile; fileRef = E79534B41BDA4AB100C1C93C /* W50.json */; };
		E79535251BDA4AB100C1C93C /* W50.json in Resources */ = {isa = PBXBuildFile; fileRef = E79534B41BDA4AB100C1C93C /* W50.json */; };
		E79535261BDA4AB100C1C93C /* W50.json in Resources */ = {isa = PBXBuildFile; fileRef = E79534B41BDA4AB100C1C93C /* W50.json */; };
		E7A9FE5B1C01354A00A5450A /* workoutParser.swift in Sources */ = {isa = PBXBuildFile; fileRef = E7A9FE5A1C01354A00A5450A /* workoutParser.swift */; };
		E7AF370B1C0A5B490024F218 /* TrainingViewController.swift in Sources */ = {isa = PBXBuildFile; fileRef = E7AF370A1C0A5B490024F218 /* TrainingViewController.swift */; };
/* End PBXBuildFile section */

/* Begin PBXContainerItemProxy section */
		E79534731BDA499A00C1C93C /* PBXContainerItemProxy */ = {
			isa = PBXContainerItemProxy;
			containerPortal = E79534561BDA499A00C1C93C /* Project object */;
			proxyType = 1;
			remoteGlobalIDString = E795345D1BDA499A00C1C93C;
			remoteInfo = mMiji;
		};
		E795347E1BDA499A00C1C93C /* PBXContainerItemProxy */ = {
			isa = PBXContainerItemProxy;
			containerPortal = E79534561BDA499A00C1C93C /* Project object */;
			proxyType = 1;
			remoteGlobalIDString = E795345D1BDA499A00C1C93C;
			remoteInfo = mMiji;
		};
/* End PBXContainerItemProxy section */

/* Begin PBXFileReference section */
		B1D39122DEC3955CF66E985F /* Pods_mMiji.framework */ = {isa = PBXFileReference; explicitFileType = wrapper.framework; includeInIndex = 0; path = Pods_mMiji.framework; sourceTree = BUILT_PRODUCTS_DIR; };
		D441AF71F6EF11080F96DD0D /* Pods-mMiji.debug.xcconfig */ = {isa = PBXFileReference; includeInIndex = 1; lastKnownFileType = text.xcconfig; name = "Pods-mMiji.debug.xcconfig"; path = "Pods/Target Support Files/Pods-mMiji/Pods-mMiji.debug.xcconfig"; sourceTree = "<group>"; };
		E701B5291C0B87E500C01D82 /* W11.json */ = {isa = PBXFileReference; fileEncoding = 4; lastKnownFileType = text.json; name = W11.json; path = workouts/W11.json; sourceTree = "<group>"; };
		E702DC801C15B56700273EB8 /* SpeedAndCadence.swift */ = {isa = PBXFileReference; fileEncoding = 4; lastKnownFileType = sourcecode.swift; path = SpeedAndCadence.swift; sourceTree = "<group>"; };
		E729B3351BE0E7BD0083D163 /* CSCDevice.swift */ = {isa = PBXFileReference; fileEncoding = 4; lastKnownFileType = sourcecode.swift; path = CSCDevice.swift; sourceTree = "<group>"; };
		E729B3371BE0E9B80083D163 /* CSCDeviceData.swift */ = {isa = PBXFileReference; fileEncoding = 4; lastKnownFileType = sourcecode.swift; path = CSCDeviceData.swift; sourceTree = "<group>"; };
		E74593371C28F7FD00471C90 /* CSCDeviceCell.swift */ = {isa = PBXFileReference; fileEncoding = 4; lastKnownFileType = sourcecode.swift; path = CSCDeviceCell.swift; sourceTree = "<group>"; };
		E7637E631BE8DAB000A04107 /* WorkoutsViewController.swift */ = {isa = PBXFileReference; fileEncoding = 4; lastKnownFileType = sourcecode.swift; path = WorkoutsViewController.swift; sourceTree = "<group>"; };
		E7637E671BEA2AFF00A04107 /* DevicesViewController.swift */ = {isa = PBXFileReference; fileEncoding = 4; lastKnownFileType = sourcecode.swift; path = DevicesViewController.swift; sourceTree = "<group>"; };
		E795345E1BDA499A00C1C93C /* mMiji.app */ = {isa = PBXFileReference; explicitFileType = wrapper.application; includeInIndex = 0; path = mMiji.app; sourceTree = BUILT_PRODUCTS_DIR; };
		E79534611BDA499A00C1C93C /* AppDelegate.swift */ = {isa = PBXFileReference; lastKnownFileType = sourcecode.swift; path = AppDelegate.swift; sourceTree = "<group>"; };
		E79534661BDA499A00C1C93C /* Base */ = {isa = PBXFileReference; lastKnownFileType = file.storyboard; name = Base; path = Base.lproj/Main.storyboard; sourceTree = "<group>"; };
		E79534681BDA499A00C1C93C /* Assets.xcassets */ = {isa = PBXFileReference; lastKnownFileType = folder.assetcatalog; path = Assets.xcassets; sourceTree = "<group>"; };
		E795346B1BDA499A00C1C93C /* Base */ = {isa = PBXFileReference; lastKnownFileType = file.storyboard; name = Base; path = Base.lproj/LaunchScreen.storyboard; sourceTree = "<group>"; };
		E795346D1BDA499A00C1C93C /* Info.plist */ = {isa = PBXFileReference; lastKnownFileType = text.plist.xml; path = Info.plist; sourceTree = "<group>"; };
		E79534721BDA499A00C1C93C /* mMijiTests.xctest */ = {isa = PBXFileReference; explicitFileType = wrapper.cfbundle; includeInIndex = 0; path = mMijiTests.xctest; sourceTree = BUILT_PRODUCTS_DIR; };
		E79534761BDA499A00C1C93C /* mMijiTests.swift */ = {isa = PBXFileReference; lastKnownFileType = sourcecode.swift; path = mMijiTests.swift; sourceTree = "<group>"; };
		E79534781BDA499A00C1C93C /* Info.plist */ = {isa = PBXFileReference; lastKnownFileType = text.plist.xml; path = Info.plist; sourceTree = "<group>"; };
		E795347D1BDA499A00C1C93C /* mMijiUITests.xctest */ = {isa = PBXFileReference; explicitFileType = wrapper.cfbundle; includeInIndex = 0; path = mMijiUITests.xctest; sourceTree = BUILT_PRODUCTS_DIR; };
		E79534811BDA499A00C1C93C /* mMijiUITests.swift */ = {isa = PBXFileReference; lastKnownFileType = sourcecode.swift; path = mMijiUITests.swift; sourceTree = "<group>"; };
		E79534831BDA499A00C1C93C /* Info.plist */ = {isa = PBXFileReference; lastKnownFileType = text.plist.xml; path = Info.plist; sourceTree = "<group>"; };
		E795348F1BDA4AB100C1C93C /* W13.json */ = {isa = PBXFileReference; fileEncoding = 4; lastKnownFileType = text.json; name = W13.json; path = workouts/W13.json; sourceTree = "<group>"; };
		E79534901BDA4AB100C1C93C /* W14.json */ = {isa = PBXFileReference; fileEncoding = 4; lastKnownFileType = text.json; name = W14.json; path = workouts/W14.json; sourceTree = "<group>"; };
		E79534911BDA4AB100C1C93C /* W15.json */ = {isa = PBXFileReference; fileEncoding = 4; lastKnownFileType = text.json; name = W15.json; path = workouts/W15.json; sourceTree = "<group>"; };
		E79534921BDA4AB100C1C93C /* W16.json */ = {isa = PBXFileReference; fileEncoding = 4; lastKnownFileType = text.json; name = W16.json; path = workouts/W16.json; sourceTree = "<group>"; };
		E79534931BDA4AB100C1C93C /* W17.json */ = {isa = PBXFileReference; fileEncoding = 4; lastKnownFileType = text.json; name = W17.json; path = workouts/W17.json; sourceTree = "<group>"; };
		E79534941BDA4AB100C1C93C /* W18.json */ = {isa = PBXFileReference; fileEncoding = 4; lastKnownFileType = text.json; name = W18.json; path = workouts/W18.json; sourceTree = "<group>"; };
		E79534951BDA4AB100C1C93C /* W19.json */ = {isa = PBXFileReference; fileEncoding = 4; lastKnownFileType = text.json; name = W19.json; path = workouts/W19.json; sourceTree = "<group>"; };
		E79534961BDA4AB100C1C93C /* W20.json */ = {isa = PBXFileReference; fileEncoding = 4; lastKnownFileType = text.json; name = W20.json; path = workouts/W20.json; sourceTree = "<group>"; };
		E79534971BDA4AB100C1C93C /* W21.json */ = {isa = PBXFileReference; fileEncoding = 4; lastKnownFileType = text.json; name = W21.json; path = workouts/W21.json; sourceTree = "<group>"; };
		E79534981BDA4AB100C1C93C /* W22.json */ = {isa = PBXFileReference; fileEncoding = 4; lastKnownFileType = text.json; name = W22.json; path = workouts/W22.json; sourceTree = "<group>"; };
		E79534991BDA4AB100C1C93C /* W23.json */ = {isa = PBXFileReference; fileEncoding = 4; lastKnownFileType = text.json; name = W23.json; path = workouts/W23.json; sourceTree = "<group>"; };
		E795349A1BDA4AB100C1C93C /* W24.json */ = {isa = PBXFileReference; fileEncoding = 4; lastKnownFileType = text.json; name = W24.json; path = workouts/W24.json; sourceTree = "<group>"; };
		E795349B1BDA4AB100C1C93C /* W25.json */ = {isa = PBXFileReference; fileEncoding = 4; lastKnownFileType = text.json; name = W25.json; path = workouts/W25.json; sourceTree = "<group>"; };
		E795349C1BDA4AB100C1C93C /* W26.json */ = {isa = PBXFileReference; fileEncoding = 4; lastKnownFileType = text.json; name = W26.json; path = workouts/W26.json; sourceTree = "<group>"; };
		E795349D1BDA4AB100C1C93C /* W27.json */ = {isa = PBXFileReference; fileEncoding = 4; lastKnownFileType = text.json; name = W27.json; path = workouts/W27.json; sourceTree = "<group>"; };
		E795349E1BDA4AB100C1C93C /* W28.json */ = {isa = PBXFileReference; fileEncoding = 4; lastKnownFileType = text.json; name = W28.json; path = workouts/W28.json; sourceTree = "<group>"; };
		E795349F1BDA4AB100C1C93C /* W29.json */ = {isa = PBXFileReference; fileEncoding = 4; lastKnownFileType = text.json; name = W29.json; path = workouts/W29.json; sourceTree = "<group>"; };
		E79534A01BDA4AB100C1C93C /* W30.json */ = {isa = PBXFileReference; fileEncoding = 4; lastKnownFileType = text.json; name = W30.json; path = workouts/W30.json; sourceTree = "<group>"; };
		E79534A11BDA4AB100C1C93C /* W31.json */ = {isa = PBXFileReference; fileEncoding = 4; lastKnownFileType = text.json; name = W31.json; path = workouts/W31.json; sourceTree = "<group>"; };
		E79534A21BDA4AB100C1C93C /* W32.json */ = {isa = PBXFileReference; fileEncoding = 4; lastKnownFileType = text.json; name = W32.json; path = workouts/W32.json; sourceTree = "<group>"; };
		E79534A31BDA4AB100C1C93C /* W33.json */ = {isa = PBXFileReference; fileEncoding = 4; lastKnownFileType = text.json; name = W33.json; path = workouts/W33.json; sourceTree = "<group>"; };
		E79534A41BDA4AB100C1C93C /* W34.json */ = {isa = PBXFileReference; fileEncoding = 4; lastKnownFileType = text.json; name = W34.json; path = workouts/W34.json; sourceTree = "<group>"; };
		E79534A51BDA4AB100C1C93C /* W35.json */ = {isa = PBXFileReference; fileEncoding = 4; lastKnownFileType = text.json; name = W35.json; path = workouts/W35.json; sourceTree = "<group>"; };
		E79534A61BDA4AB100C1C93C /* W36.json */ = {isa = PBXFileReference; fileEncoding = 4; lastKnownFileType = text.json; name = W36.json; path = workouts/W36.json; sourceTree = "<group>"; };
		E79534A71BDA4AB100C1C93C /* W37.json */ = {isa = PBXFileReference; fileEncoding = 4; lastKnownFileType = text.json; name = W37.json; path = workouts/W37.json; sourceTree = "<group>"; };
		E79534A81BDA4AB100C1C93C /* W38.json */ = {isa = PBXFileReference; fileEncoding = 4; lastKnownFileType = text.json; name = W38.json; path = workouts/W38.json; sourceTree = "<group>"; };
		E79534A91BDA4AB100C1C93C /* W39.json */ = {isa = PBXFileReference; fileEncoding = 4; lastKnownFileType = text.json; name = W39.json; path = workouts/W39.json; sourceTree = "<group>"; };
		E79534AA1BDA4AB100C1C93C /* W40.json */ = {isa = PBXFileReference; fileEncoding = 4; lastKnownFileType = text.json; name = W40.json; path = workouts/W40.json; sourceTree = "<group>"; };
		E79534AB1BDA4AB100C1C93C /* W41.json */ = {isa = PBXFileReference; fileEncoding = 4; lastKnownFileType = text.json; name = W41.json; path = workouts/W41.json; sourceTree = "<group>"; };
		E79534AC1BDA4AB100C1C93C /* W42.json */ = {isa = PBXFileReference; fileEncoding = 4; lastKnownFileType = text.json; name = W42.json; path = workouts/W42.json; sourceTree = "<group>"; };
		E79534AD1BDA4AB100C1C93C /* W43.json */ = {isa = PBXFileReference; fileEncoding = 4; lastKnownFileType = text.json; name = W43.json; path = workouts/W43.json; sourceTree = "<group>"; };
		E79534AE1BDA4AB100C1C93C /* W44.json */ = {isa = PBXFileReference; fileEncoding = 4; lastKnownFileType = text.json; name = W44.json; path = workouts/W44.json; sourceTree = "<group>"; };
		E79534AF1BDA4AB100C1C93C /* W45.json */ = {isa = PBXFileReference; fileEncoding = 4; lastKnownFileType = text.json; name = W45.json; path = workouts/W45.json; sourceTree = "<group>"; };
		E79534B01BDA4AB100C1C93C /* W46.json */ = {isa = PBXFileReference; fileEncoding = 4; lastKnownFileType = text.json; name = W46.json; path = workouts/W46.json; sourceTree = "<group>"; };
		E79534B11BDA4AB100C1C93C /* W47.json */ = {isa = PBXFileReference; fileEncoding = 4; lastKnownFileType = text.json; name = W47.json; path = workouts/W47.json; sourceTree = "<group>"; };
		E79534B21BDA4AB100C1C93C /* W48.json */ = {isa = PBXFileReference; fileEncoding = 4; lastKnownFileType = text.json; name = W48.json; path = workouts/W48.json; sourceTree = "<group>"; };
		E79534B31BDA4AB100C1C93C /* W49.json */ = {isa = PBXFileReference; fileEncoding = 4; lastKnownFileType = text.json; name = W49.json; path = workouts/W49.json; sourceTree = "<group>"; };
		E79534B41BDA4AB100C1C93C /* W50.json */ = {isa = PBXFileReference; fileEncoding = 4; lastKnownFileType = text.json; name = W50.json; path = workouts/W50.json; sourceTree = "<group>"; };
		E7A9FE5A1C01354A00A5450A /* workoutParser.swift */ = {isa = PBXFileReference; fileEncoding = 4; lastKnownFileType = sourcecode.swift; path = workoutParser.swift; sourceTree = "<group>"; };
		E7AF370A1C0A5B490024F218 /* TrainingViewController.swift */ = {isa = PBXFileReference; fileEncoding = 4; lastKnownFileType = sourcecode.swift; lineEnding = 0; path = TrainingViewController.swift; sourceTree = "<group>"; xcLanguageSpecificationIdentifier = xcode.lang.swift; };
		E82DCFC66610871E3B5EDF51 /* Pods-mMiji.release.xcconfig */ = {isa = PBXFileReference; includeInIndex = 1; lastKnownFileType = text.xcconfig; name = "Pods-mMiji.release.xcconfig"; path = "Pods/Target Support Files/Pods-mMiji/Pods-mMiji.release.xcconfig"; sourceTree = "<group>"; };
/* End PBXFileReference section */

/* Begin PBXFrameworksBuildPhase section */
		E795345B1BDA499A00C1C93C /* Frameworks */ = {
			isa = PBXFrameworksBuildPhase;
			buildActionMask = 2147483647;
			files = (
				B498B0D424D6023537D6B727 /* Pods_mMiji.framework in Frameworks */,
			);
			runOnlyForDeploymentPostprocessing = 0;
		};
		E795346F1BDA499A00C1C93C /* Frameworks */ = {
			isa = PBXFrameworksBuildPhase;
			buildActionMask = 2147483647;
			files = (
			);
			runOnlyForDeploymentPostprocessing = 0;
		};
		E795347A1BDA499A00C1C93C /* Frameworks */ = {
			isa = PBXFrameworksBuildPhase;
			buildActionMask = 2147483647;
			files = (
			);
			runOnlyForDeploymentPostprocessing = 0;
		};
/* End PBXFrameworksBuildPhase section */

/* Begin PBXGroup section */
		57CFF222368811EF216430C2 /* Frameworks */ = {
			isa = PBXGroup;
			children = (
				B1D39122DEC3955CF66E985F /* Pods_mMiji.framework */,
			);
			name = Frameworks;
			sourceTree = "<group>";
		};
		7A13A04FC859FEA09B0A42F8 /* Pods */ = {
			isa = PBXGroup;
			children = (
				D441AF71F6EF11080F96DD0D /* Pods-mMiji.debug.xcconfig */,
				E82DCFC66610871E3B5EDF51 /* Pods-mMiji.release.xcconfig */,
			);
			name = Pods;
			sourceTree = "<group>";
		};
		E79534551BDA499A00C1C93C = {
			isa = PBXGroup;
			children = (
				E79535271BDA4ACB00C1C93C /* workouts */,
				E79534601BDA499A00C1C93C /* mMiji */,
				E79534751BDA499A00C1C93C /* mMijiTests */,
				E79534801BDA499A00C1C93C /* mMijiUITests */,
				E795345F1BDA499A00C1C93C /* Products */,
				7A13A04FC859FEA09B0A42F8 /* Pods */,
				57CFF222368811EF216430C2 /* Frameworks */,
			);
			sourceTree = "<group>";
		};
		E795345F1BDA499A00C1C93C /* Products */ = {
			isa = PBXGroup;
			children = (
				E795345E1BDA499A00C1C93C /* mMiji.app */,
				E79534721BDA499A00C1C93C /* mMijiTests.xctest */,
				E795347D1BDA499A00C1C93C /* mMijiUITests.xctest */,
			);
			name = Products;
			sourceTree = "<group>";
		};
		E79534601BDA499A00C1C93C /* mMiji */ = {
			isa = PBXGroup;
			children = (
				E74593371C28F7FD00471C90 /* CSCDeviceCell.swift */,
				E702DC801C15B56700273EB8 /* SpeedAndCadence.swift */,
				E7AF370A1C0A5B490024F218 /* TrainingViewController.swift */,
				E79534611BDA499A00C1C93C /* AppDelegate.swift */,
				E79534651BDA499A00C1C93C /* Main.storyboard */,
				E79534681BDA499A00C1C93C /* Assets.xcassets */,
				E795346A1BDA499A00C1C93C /* LaunchScreen.storyboard */,
				E795346D1BDA499A00C1C93C /* Info.plist */,
				E729B3351BE0E7BD0083D163 /* CSCDevice.swift */,
				E729B3371BE0E9B80083D163 /* CSCDeviceData.swift */,
				E7637E631BE8DAB000A04107 /* WorkoutsViewController.swift */,
				E7A9FE5A1C01354A00A5450A /* workoutParser.swift */,
				E7637E671BEA2AFF00A04107 /* DevicesViewController.swift */,
			);
			path = mMiji;
			sourceTree = "<group>";
		};
		E79534751BDA499A00C1C93C /* mMijiTests */ = {
			isa = PBXGroup;
			children = (
				E79534761BDA499A00C1C93C /* mMijiTests.swift */,
				E79534781BDA499A00C1C93C /* Info.plist */,
			);
			path = mMijiTests;
			sourceTree = "<group>";
		};
		E79534801BDA499A00C1C93C /* mMijiUITests */ = {
			isa = PBXGroup;
			children = (
				E79534811BDA499A00C1C93C /* mMijiUITests.swift */,
				E79534831BDA499A00C1C93C /* Info.plist */,
			);
			path = mMijiUITests;
			sourceTree = "<group>";
		};
		E79535271BDA4ACB00C1C93C /* workouts */ = {
			isa = PBXGroup;
			children = (
				E701B5291C0B87E500C01D82 /* W11.json */,
				E795348F1BDA4AB100C1C93C /* W13.json */,
				E79534901BDA4AB100C1C93C /* W14.json */,
				E79534911BDA4AB100C1C93C /* W15.json */,
				E79534921BDA4AB100C1C93C /* W16.json */,
				E79534931BDA4AB100C1C93C /* W17.json */,
				E79534941BDA4AB100C1C93C /* W18.json */,
				E79534951BDA4AB100C1C93C /* W19.json */,
				E79534961BDA4AB100C1C93C /* W20.json */,
				E79534971BDA4AB100C1C93C /* W21.json */,
				E79534981BDA4AB100C1C93C /* W22.json */,
				E79534991BDA4AB100C1C93C /* W23.json */,
				E795349A1BDA4AB100C1C93C /* W24.json */,
				E795349B1BDA4AB100C1C93C /* W25.json */,
				E795349C1BDA4AB100C1C93C /* W26.json */,
				E795349D1BDA4AB100C1C93C /* W27.json */,
				E795349E1BDA4AB100C1C93C /* W28.json */,
				E795349F1BDA4AB100C1C93C /* W29.json */,
				E79534A01BDA4AB100C1C93C /* W30.json */,
				E79534A11BDA4AB100C1C93C /* W31.json */,
				E79534A21BDA4AB100C1C93C /* W32.json */,
				E79534A31BDA4AB100C1C93C /* W33.json */,
				E79534A41BDA4AB100C1C93C /* W34.json */,
				E79534A51BDA4AB100C1C93C /* W35.json */,
				E79534A61BDA4AB100C1C93C /* W36.json */,
				E79534A71BDA4AB100C1C93C /* W37.json */,
				E79534A81BDA4AB100C1C93C /* W38.json */,
				E79534A91BDA4AB100C1C93C /* W39.json */,
				E79534AA1BDA4AB100C1C93C /* W40.json */,
				E79534AB1BDA4AB100C1C93C /* W41.json */,
				E79534AC1BDA4AB100C1C93C /* W42.json */,
				E79534AD1BDA4AB100C1C93C /* W43.json */,
				E79534AE1BDA4AB100C1C93C /* W44.json */,
				E79534AF1BDA4AB100C1C93C /* W45.json */,
				E79534B01BDA4AB100C1C93C /* W46.json */,
				E79534B11BDA4AB100C1C93C /* W47.json */,
				E79534B21BDA4AB100C1C93C /* W48.json */,
				E79534B41BDA4AB100C1C93C /* W50.json */,
				E79534B31BDA4AB100C1C93C /* W49.json */,
			);
			name = workouts;
			sourceTree = "<group>";
		};
/* End PBXGroup section */

/* Begin PBXNativeTarget section */
		E795345D1BDA499A00C1C93C /* mMiji */ = {
			isa = PBXNativeTarget;
			buildConfigurationList = E79534861BDA499A00C1C93C /* Build configuration list for PBXNativeTarget "mMiji" */;
			buildPhases = (
				7D303B1A80D3B495C887FED8 /* Check Pods Manifest.lock */,
				E795345A1BDA499A00C1C93C /* Sources */,
				E795345B1BDA499A00C1C93C /* Frameworks */,
				E795345C1BDA499A00C1C93C /* Resources */,
				517C8C4DBBAE8C208623345A /* Embed Pods Frameworks */,
				7B31599889FE1A087ED0FCC8 /* Copy Pods Resources */,
			);
			buildRules = (
			);
			dependencies = (
			);
			name = mMiji;
			productName = mMiji;
			productReference = E795345E1BDA499A00C1C93C /* mMiji.app */;
			productType = "com.apple.product-type.application";
		};
		E79534711BDA499A00C1C93C /* mMijiTests */ = {
			isa = PBXNativeTarget;
			buildConfigurationList = E79534891BDA499A00C1C93C /* Build configuration list for PBXNativeTarget "mMijiTests" */;
			buildPhases = (
				E795346E1BDA499A00C1C93C /* Sources */,
				E795346F1BDA499A00C1C93C /* Frameworks */,
				E79534701BDA499A00C1C93C /* Resources */,
			);
			buildRules = (
			);
			dependencies = (
				E79534741BDA499A00C1C93C /* PBXTargetDependency */,
			);
			name = mMijiTests;
			productName = mMijiTests;
			productReference = E79534721BDA499A00C1C93C /* mMijiTests.xctest */;
			productType = "com.apple.product-type.bundle.unit-test";
		};
		E795347C1BDA499A00C1C93C /* mMijiUITests */ = {
			isa = PBXNativeTarget;
			buildConfigurationList = E795348C1BDA499A00C1C93C /* Build configuration list for PBXNativeTarget "mMijiUITests" */;
			buildPhases = (
				E79534791BDA499A00C1C93C /* Sources */,
				E795347A1BDA499A00C1C93C /* Frameworks */,
				E795347B1BDA499A00C1C93C /* Resources */,
			);
			buildRules = (
			);
			dependencies = (
				E795347F1BDA499A00C1C93C /* PBXTargetDependency */,
			);
			name = mMijiUITests;
			productName = mMijiUITests;
			productReference = E795347D1BDA499A00C1C93C /* mMijiUITests.xctest */;
			productType = "com.apple.product-type.bundle.ui-testing";
		};
/* End PBXNativeTarget section */

/* Begin PBXProject section */
		E79534561BDA499A00C1C93C /* Project object */ = {
			isa = PBXProject;
			attributes = {
				LastUpgradeCheck = 0700;
				ORGANIZATIONNAME = "Alan Hasty";
				TargetAttributes = {
					E795345D1BDA499A00C1C93C = {
						CreatedOnToolsVersion = 7.0.1;
					};
					E79534711BDA499A00C1C93C = {
						CreatedOnToolsVersion = 7.0.1;
						TestTargetID = E795345D1BDA499A00C1C93C;
					};
					E795347C1BDA499A00C1C93C = {
						CreatedOnToolsVersion = 7.0.1;
						TestTargetID = E795345D1BDA499A00C1C93C;
					};
				};
			};
			buildConfigurationList = E79534591BDA499A00C1C93C /* Build configuration list for PBXProject "mMiji" */;
			compatibilityVersion = "Xcode 3.2";
			developmentRegion = English;
			hasScannedForEncodings = 0;
			knownRegions = (
				en,
				Base,
			);
			mainGroup = E79534551BDA499A00C1C93C;
			productRefGroup = E795345F1BDA499A00C1C93C /* Products */;
			projectDirPath = "";
			projectRoot = "";
			targets = (
				E795345D1BDA499A00C1C93C /* mMiji */,
				E79534711BDA499A00C1C93C /* mMijiTests */,
				E795347C1BDA499A00C1C93C /* mMijiUITests */,
			);
		};
/* End PBXProject section */

/* Begin PBXResourcesBuildPhase section */
		E795345C1BDA499A00C1C93C /* Resources */ = {
			isa = PBXResourcesBuildPhase;
			buildActionMask = 2147483647;
			files = (
				E795351E1BDA4AB100C1C93C /* W48.json in Resources */,
				E79535151BDA4AB100C1C93C /* W45.json in Resources */,
				E79534DF1BDA4AB100C1C93C /* W27.json in Resources */,
				E79534D31BDA4AB100C1C93C /* W23.json in Resources */,
				E79535241BDA4AB100C1C93C /* W50.json in Resources */,
				E79535211BDA4AB100C1C93C /* W49.json in Resources */,
				E795350F1BDA4AB100C1C93C /* W43.json in Resources */,
				E79534D01BDA4AB100C1C93C /* W22.json in Resources */,
				E79534C41BDA4AB100C1C93C /* W18.json in Resources */,
				E795351B1BDA4AB100C1C93C /* W47.json in Resources */,
				E795346C1BDA499A00C1C93C /* LaunchScreen.storyboard in Resources */,
				E79534FD1BDA4AB100C1C93C /* W37.json in Resources */,
				E79534EE1BDA4AB100C1C93C /* W32.json in Resources */,
				E79535181BDA4AB100C1C93C /* W46.json in Resources */,
				E79534EB1BDA4AB100C1C93C /* W31.json in Resources */,
				E79534691BDA499A00C1C93C /* Assets.xcassets in Resources */,
				E79535031BDA4AB100C1C93C /* W39.json in Resources */,
				E79534E21BDA4AB100C1C93C /* W28.json in Resources */,
				E79534BE1BDA4AB100C1C93C /* W16.json in Resources */,
				E79535091BDA4AB100C1C93C /* W41.json in Resources */,
				E79534671BDA499A00C1C93C /* Main.storyboard in Resources */,
				E79534BB1BDA4AB100C1C93C /* W15.json in Resources */,
				E79534CD1BDA4AB100C1C93C /* W21.json in Resources */,
				E79534F71BDA4AB100C1C93C /* W35.json in Resources */,
				E79534D61BDA4AB100C1C93C /* W24.json in Resources */,
				E79535001BDA4AB100C1C93C /* W38.json in Resources */,
				E79534E81BDA4AB100C1C93C /* W30.json in Resources */,
				E79534DC1BDA4AB100C1C93C /* W26.json in Resources */,
				E79535061BDA4AB100C1C93C /* W40.json in Resources */,
				E79534B51BDA4AB100C1C93C /* W13.json in Resources */,
				E701B52A1C0B87E500C01D82 /* W11.json in Resources */,
				E79535121BDA4AB100C1C93C /* W44.json in Resources */,
				E79534FA1BDA4AB100C1C93C /* W36.json in Resources */,
				E795350C1BDA4AB100C1C93C /* W42.json in Resources */,
				E79534E51BDA4AB100C1C93C /* W29.json in Resources */,
				E79534B81BDA4AB100C1C93C /* W14.json in Resources */,
				E79534F41BDA4AB100C1C93C /* W34.json in Resources */,
				E79534CA1BDA4AB100C1C93C /* W20.json in Resources */,
				E79534C11BDA4AB100C1C93C /* W17.json in Resources */,
				E79534F11BDA4AB100C1C93C /* W33.json in Resources */,
				E79534D91BDA4AB100C1C93C /* W25.json in Resources */,
				E79534C71BDA4AB100C1C93C /* W19.json in Resources */,
			);
			runOnlyForDeploymentPostprocessing = 0;
		};
		E79534701BDA499A00C1C93C /* Resources */ = {
			isa = PBXResourcesBuildPhase;
			buildActionMask = 2147483647;
			files = (
				E795350A1BDA4AB100C1C93C /* W41.json in Resources */,
				E79534FB1BDA4AB100C1C93C /* W36.json in Resources */,
				E79535101BDA4AB100C1C93C /* W43.json in Resources */,
				E79534E91BDA4AB100C1C93C /* W30.json in Resources */,
				E79534CE1BDA4AB100C1C93C /* W21.json in Resources */,
				E79534E31BDA4AB100C1C93C /* W28.json in Resources */,
				E79535251BDA4AB100C1C93C /* W50.json in Resources */,
				E79535221BDA4AB100C1C93C /* W49.json in Resources */,
				E79534FE1BDA4AB100C1C93C /* W37.json in Resources */,
				E79534C51BDA4AB100C1C93C /* W18.json in Resources */,
				E79534EF1BDA4AB100C1C93C /* W32.json in Resources */,
				E79535161BDA4AB100C1C93C /* W45.json in Resources */,
				E79535071BDA4AB100C1C93C /* W40.json in Resources */,
				E795350D1BDA4AB100C1C93C /* W42.json in Resources */,
				E79534E61BDA4AB100C1C93C /* W29.json in Resources */,
				E79534CB1BDA4AB100C1C93C /* W20.json in Resources */,
				E795351C1BDA4AB100C1C93C /* W47.json in Resources */,
				E79534EC1BDA4AB100C1C93C /* W31.json in Resources */,
				E79534BC1BDA4AB100C1C93C /* W15.json in Resources */,
				E79535131BDA4AB100C1C93C /* W44.json in Resources */,
				E79534F21BDA4AB100C1C93C /* W33.json in Resources */,
				E79534F81BDA4AB100C1C93C /* W35.json in Resources */,
				E79534D41BDA4AB100C1C93C /* W23.json in Resources */,
				E79534B91BDA4AB100C1C93C /* W14.json in Resources */,
				E79534F51BDA4AB100C1C93C /* W34.json in Resources */,
				E79534BF1BDA4AB100C1C93C /* W16.json in Resources */,
				E79534DA1BDA4AB100C1C93C /* W25.json in Resources */,
				E79535041BDA4AB100C1C93C /* W39.json in Resources */,
				E79534B61BDA4AB100C1C93C /* W13.json in Resources */,
				E795351F1BDA4AB100C1C93C /* W48.json in Resources */,
				E79534E01BDA4AB100C1C93C /* W27.json in Resources */,
				E79535011BDA4AB100C1C93C /* W38.json in Resources */,
				E79534C21BDA4AB100C1C93C /* W17.json in Resources */,
				E79535191BDA4AB100C1C93C /* W46.json in Resources */,
				E79534D71BDA4AB100C1C93C /* W24.json in Resources */,
				E79534DD1BDA4AB100C1C93C /* W26.json in Resources */,
				E79534C81BDA4AB100C1C93C /* W19.json in Resources */,
				E79534D11BDA4AB100C1C93C /* W22.json in Resources */,
			);
			runOnlyForDeploymentPostprocessing = 0;
		};
		E795347B1BDA499A00C1C93C /* Resources */ = {
			isa = PBXResourcesBuildPhase;
			buildActionMask = 2147483647;
			files = (
				E795350B1BDA4AB100C1C93C /* W41.json in Resources */,
				E79534FC1BDA4AB100C1C93C /* W36.json in Resources */,
				E79535111BDA4AB100C1C93C /* W43.json in Resources */,
				E79534EA1BDA4AB100C1C93C /* W30.json in Resources */,
				E79534CF1BDA4AB100C1C93C /* W21.json in Resources */,
				E79534E41BDA4AB100C1C93C /* W28.json in Resources */,
				E79535261BDA4AB100C1C93C /* W50.json in Resources */,
				E79535231BDA4AB100C1C93C /* W49.json in Resources */,
				E79534FF1BDA4AB100C1C93C /* W37.json in Resources */,
				E79534C61BDA4AB100C1C93C /* W18.json in Resources */,
				E79534F01BDA4AB100C1C93C /* W32.json in Resources */,
				E79535171BDA4AB100C1C93C /* W45.json in Resources */,
				E79535081BDA4AB100C1C93C /* W40.json in Resources */,
				E795350E1BDA4AB100C1C93C /* W42.json in Resources */,
				E79534E71BDA4AB100C1C93C /* W29.json in Resources */,
				E79534CC1BDA4AB100C1C93C /* W20.json in Resources */,
				E795351D1BDA4AB100C1C93C /* W47.json in Resources */,
				E79534ED1BDA4AB100C1C93C /* W31.json in Resources */,
				E79534BD1BDA4AB100C1C93C /* W15.json in Resources */,
				E79535141BDA4AB100C1C93C /* W44.json in Resources */,
				E79534F31BDA4AB100C1C93C /* W33.json in Resources */,
				E79534F91BDA4AB100C1C93C /* W35.json in Resources */,
				E79534D51BDA4AB100C1C93C /* W23.json in Resources */,
				E79534BA1BDA4AB100C1C93C /* W14.json in Resources */,
				E79534F61BDA4AB100C1C93C /* W34.json in Resources */,
				E79534C01BDA4AB100C1C93C /* W16.json in Resources */,
				E79534DB1BDA4AB100C1C93C /* W25.json in Resources */,
				E79535051BDA4AB100C1C93C /* W39.json in Resources */,
				E79534B71BDA4AB100C1C93C /* W13.json in Resources */,
				E79535201BDA4AB100C1C93C /* W48.json in Resources */,
				E79534E11BDA4AB100C1C93C /* W27.json in Resources */,
				E79535021BDA4AB100C1C93C /* W38.json in Resources */,
				E79534C31BDA4AB100C1C93C /* W17.json in Resources */,
				E795351A1BDA4AB100C1C93C /* W46.json in Resources */,
				E79534D81BDA4AB100C1C93C /* W24.json in Resources */,
				E79534DE1BDA4AB100C1C93C /* W26.json in Resources */,
				E79534C91BDA4AB100C1C93C /* W19.json in Resources */,
				E79534D21BDA4AB100C1C93C /* W22.json in Resources */,
			);
			runOnlyForDeploymentPostprocessing = 0;
		};
/* End PBXResourcesBuildPhase section */

/* Begin PBXShellScriptBuildPhase section */
		517C8C4DBBAE8C208623345A /* Embed Pods Frameworks */ = {
			isa = PBXShellScriptBuildPhase;
			buildActionMask = 2147483647;
			files = (
			);
			inputPaths = (
			);
			name = "Embed Pods Frameworks";
			outputPaths = (
			);
			runOnlyForDeploymentPostprocessing = 0;
			shellPath = /bin/sh;
			shellScript = "\"${SRCROOT}/Pods/Target Support Files/Pods-mMiji/Pods-mMiji-frameworks.sh\"\n";
			showEnvVarsInLog = 0;
		};
		7B31599889FE1A087ED0FCC8 /* Copy Pods Resources */ = {
			isa = PBXShellScriptBuildPhase;
			buildActionMask = 2147483647;
			files = (
			);
			inputPaths = (
			);
			name = "Copy Pods Resources";
			outputPaths = (
			);
			runOnlyForDeploymentPostprocessing = 0;
			shellPath = /bin/sh;
			shellScript = "\"${SRCROOT}/Pods/Target Support Files/Pods-mMiji/Pods-mMiji-resources.sh\"\n";
			showEnvVarsInLog = 0;
		};
		7D303B1A80D3B495C887FED8 /* Check Pods Manifest.lock */ = {
			isa = PBXShellScriptBuildPhase;
			buildActionMask = 2147483647;
			files = (
			);
			inputPaths = (
			);
			name = "Check Pods Manifest.lock";
			outputPaths = (
			);
			runOnlyForDeploymentPostprocessing = 0;
			shellPath = /bin/sh;
			shellScript = "diff \"${PODS_ROOT}/../Podfile.lock\" \"${PODS_ROOT}/Manifest.lock\" > /dev/null\nif [[ $? != 0 ]] ; then\n    cat << EOM\nerror: The sandbox is not in sync with the Podfile.lock. Run 'pod install' or update your CocoaPods installation.\nEOM\n    exit 1\nfi\n";
			showEnvVarsInLog = 0;
		};
/* End PBXShellScriptBuildPhase section */

/* Begin PBXSourcesBuildPhase section */
		E795345A1BDA499A00C1C93C /* Sources */ = {
			isa = PBXSourcesBuildPhase;
			buildActionMask = 2147483647;
			files = (
				E74593381C28F7FD00471C90 /* CSCDeviceCell.swift in Sources */,
				E7AF370B1C0A5B490024F218 /* TrainingViewController.swift in Sources */,
				E702DC811C15B56700273EB8 /* SpeedAndCadence.swift in Sources */,
				E7637E681BEA2AFF00A04107 /* DevicesViewController.swift in Sources */,
				E7637E641BE8DAB000A04107 /* WorkoutsViewController.swift in Sources */,
				E729B3381BE0E9B80083D163 /* CSCDeviceData.swift in Sources */,
				E79534621BDA499A00C1C93C /* AppDelegate.swift in Sources */,
				E7A9FE5B1C01354A00A5450A /* workoutParser.swift in Sources */,
				E729B3361BE0E7BD0083D163 /* CSCDevice.swift in Sources */,
			);
			runOnlyForDeploymentPostprocessing = 0;
		};
		E795346E1BDA499A00C1C93C /* Sources */ = {
			isa = PBXSourcesBuildPhase;
			buildActionMask = 2147483647;
			files = (
				E73D2BFA1C27709600FEF6A9 /* CSCDevice.swift in Sources */,
				E73D2BFC1C2770A800FEF6A9 /* SpeedAndCadence.swift in Sources */,
				E7637E691BEA2AFF00A04107 /* DevicesViewController.swift in Sources */,
				E79534771BDA499A00C1C93C /* mMijiTests.swift in Sources */,
				E7637E651BE8DAB000A04107 /* WorkoutsViewController.swift in Sources */,
			);
			runOnlyForDeploymentPostprocessing = 0;
		};
		E79534791BDA499A00C1C93C /* Sources */ = {
			isa = PBXSourcesBuildPhase;
			buildActionMask = 2147483647;
			files = (
				E73D2BFB1C2770A300FEF6A9 /* CSCDevice.swift in Sources */,
				E73D2BFD1C2770A800FEF6A9 /* SpeedAndCadence.swift in Sources */,
				E7637E6A1BEA2AFF00A04107 /* DevicesViewController.swift in Sources */,
				E79534821BDA499A00C1C93C /* mMijiUITests.swift in Sources */,
				E7637E661BE8DAB000A04107 /* WorkoutsViewController.swift in Sources */,
			);
			runOnlyForDeploymentPostprocessing = 0;
		};
/* End PBXSourcesBuildPhase section */

/* Begin PBXTargetDependency section */
		E79534741BDA499A00C1C93C /* PBXTargetDependency */ = {
			isa = PBXTargetDependency;
			target = E795345D1BDA499A00C1C93C /* mMiji */;
			targetProxy = E79534731BDA499A00C1C93C /* PBXContainerItemProxy */;
		};
		E795347F1BDA499A00C1C93C /* PBXTargetDependency */ = {
			isa = PBXTargetDependency;
			target = E795345D1BDA499A00C1C93C /* mMiji */;
			targetProxy = E795347E1BDA499A00C1C93C /* PBXContainerItemProxy */;
		};
/* End PBXTargetDependency section */

/* Begin PBXVariantGroup section */
		E79534651BDA499A00C1C93C /* Main.storyboard */ = {
			isa = PBXVariantGroup;
			children = (
				E79534661BDA499A00C1C93C /* Base */,
			);
			name = Main.storyboard;
			sourceTree = "<group>";
		};
		E795346A1BDA499A00C1C93C /* LaunchScreen.storyboard */ = {
			isa = PBXVariantGroup;
			children = (
				E795346B1BDA499A00C1C93C /* Base */,
			);
			name = LaunchScreen.storyboard;
			sourceTree = "<group>";
		};
/* End PBXVariantGroup section */

/* Begin XCBuildConfiguration section */
		E79534841BDA499A00C1C93C /* Debug */ = {
			isa = XCBuildConfiguration;
			buildSettings = {
				ALWAYS_SEARCH_USER_PATHS = NO;
				CLANG_CXX_LANGUAGE_STANDARD = "gnu++0x";
				CLANG_CXX_LIBRARY = "libc++";
				CLANG_ENABLE_MODULES = YES;
				CLANG_ENABLE_OBJC_ARC = YES;
				CLANG_WARN_BOOL_CONVERSION = YES;
				CLANG_WARN_CONSTANT_CONVERSION = YES;
				CLANG_WARN_DIRECT_OBJC_ISA_USAGE = YES_ERROR;
				CLANG_WARN_EMPTY_BODY = YES;
				CLANG_WARN_ENUM_CONVERSION = YES;
				CLANG_WARN_INT_CONVERSION = YES;
				CLANG_WARN_OBJC_ROOT_CLASS = YES_ERROR;
				CLANG_WARN_UNREACHABLE_CODE = YES;
				CLANG_WARN__DUPLICATE_METHOD_MATCH = YES;
				"CODE_SIGN_IDENTITY[sdk=iphoneos*]" = "iPhone Developer";
				COPY_PHASE_STRIP = NO;
				DEBUG_INFORMATION_FORMAT = dwarf;
				ENABLE_STRICT_OBJC_MSGSEND = YES;
				ENABLE_TESTABILITY = YES;
				GCC_C_LANGUAGE_STANDARD = gnu99;
				GCC_DYNAMIC_NO_PIC = NO;
				GCC_NO_COMMON_BLOCKS = YES;
				GCC_OPTIMIZATION_LEVEL = 0;
				GCC_PREPROCESSOR_DEFINITIONS = (
					"DEBUG=1",
					"$(inherited)",
				);
				GCC_WARN_64_TO_32_BIT_CONVERSION = YES;
				GCC_WARN_ABOUT_RETURN_TYPE = YES_ERROR;
				GCC_WARN_UNDECLARED_SELECTOR = YES;
				GCC_WARN_UNINITIALIZED_AUTOS = YES_AGGRESSIVE;
				GCC_WARN_UNUSED_FUNCTION = YES;
				GCC_WARN_UNUSED_VARIABLE = YES;
				IPHONEOS_DEPLOYMENT_TARGET = 9.0;
				MTL_ENABLE_DEBUG_INFO = YES;
				ONLY_ACTIVE_ARCH = YES;
				SDKROOT = iphoneos;
				SWIFT_OPTIMIZATION_LEVEL = "-Onone";
				TARGETED_DEVICE_FAMILY = "1,2";
			};
			name = Debug;
		};
		E79534851BDA499A00C1C93C /* Release */ = {
			isa = XCBuildConfiguration;
			buildSettings = {
				ALWAYS_SEARCH_USER_PATHS = NO;
				CLANG_CXX_LANGUAGE_STANDARD = "gnu++0x";
				CLANG_CXX_LIBRARY = "libc++";
				CLANG_ENABLE_MODULES = YES;
				CLANG_ENABLE_OBJC_ARC = YES;
				CLANG_WARN_BOOL_CONVERSION = YES;
				CLANG_WARN_CONSTANT_CONVERSION = YES;
				CLANG_WARN_DIRECT_OBJC_ISA_USAGE = YES_ERROR;
				CLANG_WARN_EMPTY_BODY = YES;
				CLANG_WARN_ENUM_CONVERSION = YES;
				CLANG_WARN_INT_CONVERSION = YES;
				CLANG_WARN_OBJC_ROOT_CLASS = YES_ERROR;
				CLANG_WARN_UNREACHABLE_CODE = YES;
				CLANG_WARN__DUPLICATE_METHOD_MATCH = YES;
				"CODE_SIGN_IDENTITY[sdk=iphoneos*]" = "iPhone Developer";
				COPY_PHASE_STRIP = NO;
				DEBUG_INFORMATION_FORMAT = "dwarf-with-dsym";
				ENABLE_NS_ASSERTIONS = NO;
				ENABLE_STRICT_OBJC_MSGSEND = YES;
				GCC_C_LANGUAGE_STANDARD = gnu99;
				GCC_NO_COMMON_BLOCKS = YES;
				GCC_WARN_64_TO_32_BIT_CONVERSION = YES;
				GCC_WARN_ABOUT_RETURN_TYPE = YES_ERROR;
				GCC_WARN_UNDECLARED_SELECTOR = YES;
				GCC_WARN_UNINITIALIZED_AUTOS = YES_AGGRESSIVE;
				GCC_WARN_UNUSED_FUNCTION = YES;
				GCC_WARN_UNUSED_VARIABLE = YES;
				IPHONEOS_DEPLOYMENT_TARGET = 9.0;
				MTL_ENABLE_DEBUG_INFO = NO;
				SDKROOT = iphoneos;
				TARGETED_DEVICE_FAMILY = "1,2";
				VALIDATE_PRODUCT = YES;
			};
			name = Release;
		};
		E79534871BDA499A00C1C93C /* Debug */ = {
			isa = XCBuildConfiguration;
			baseConfigurationReference = D441AF71F6EF11080F96DD0D /* Pods-mMiji.debug.xcconfig */;
			buildSettings = {
				ASSETCATALOG_COMPILER_APPICON_NAME = AppIcon;
				INFOPLIST_FILE = mMiji/Info.plist;
				IPHONEOS_DEPLOYMENT_TARGET = 9.0;
				LD_RUNPATH_SEARCH_PATHS = "$(inherited) @executable_path/Frameworks";
				PRODUCT_BUNDLE_IDENTIFIER = name.hasty.mMiji;
				PRODUCT_NAME = "$(TARGET_NAME)";
			};
			name = Debug;
		};
		E79534881BDA499A00C1C93C /* Release */ = {
			isa = XCBuildConfiguration;
			baseConfigurationReference = E82DCFC66610871E3B5EDF51 /* Pods-mMiji.release.xcconfig */;
			buildSettings = {
				ASSETCATALOG_COMPILER_APPICON_NAME = AppIcon;
				INFOPLIST_FILE = mMiji/Info.plist;
				IPHONEOS_DEPLOYMENT_TARGET = 9.0;
				LD_RUNPATH_SEARCH_PATHS = "$(inherited) @executable_path/Frameworks";
				PRODUCT_BUNDLE_IDENTIFIER = name.hasty.mMiji;
				PRODUCT_NAME = "$(TARGET_NAME)";
			};
			name = Release;
		};
		E795348A1BDA499A00C1C93C /* Debug */ = {
			isa = XCBuildConfiguration;
			buildSettings = {
				BUNDLE_LOADER = "$(TEST_HOST)";
				INFOPLIST_FILE = mMijiTests/Info.plist;
				LD_RUNPATH_SEARCH_PATHS = "$(inherited) @executable_path/Frameworks @loader_path/Frameworks";
				PRODUCT_BUNDLE_IDENTIFIER = name.hasty.mMijiTests;
				PRODUCT_NAME = "$(TARGET_NAME)";
				TEST_HOST = "$(BUILT_PRODUCTS_DIR)/mMiji.app/mMiji";
			};
			name = Debug;
		};
		E795348B1BDA499A00C1C93C /* Release */ = {
			isa = XCBuildConfiguration;
			buildSettings = {
				BUNDLE_LOADER = "$(TEST_HOST)";
				INFOPLIST_FILE = mMijiTests/Info.plist;
				LD_RUNPATH_SEARCH_PATHS = "$(inherited) @executable_path/Frameworks @loader_path/Frameworks";
				PRODUCT_BUNDLE_IDENTIFIER = name.hasty.mMijiTests;
				PRODUCT_NAME = "$(TARGET_NAME)";
				TEST_HOST = "$(BUILT_PRODUCTS_DIR)/mMiji.app/mMiji";
			};
			name = Release;
		};
		E795348D1BDA499A00C1C93C /* Debug */ = {
			isa = XCBuildConfiguration;
			buildSettings = {
				INFOPLIST_FILE = mMijiUITests/Info.plist;
				LD_RUNPATH_SEARCH_PATHS = "$(inherited) @executable_path/Frameworks @loader_path/Frameworks";
				PRODUCT_BUNDLE_IDENTIFIER = name.hasty.mMijiUITests;
				PRODUCT_NAME = "$(TARGET_NAME)";
				TEST_TARGET_NAME = mMiji;
				USES_XCTRUNNER = YES;
			};
			name = Debug;
		};
		E795348E1BDA499A00C1C93C /* Release */ = {
			isa = XCBuildConfiguration;
			buildSettings = {
				INFOPLIST_FILE = mMijiUITests/Info.plist;
				LD_RUNPATH_SEARCH_PATHS = "$(inherited) @executable_path/Frameworks @loader_path/Frameworks";
				PRODUCT_BUNDLE_IDENTIFIER = name.hasty.mMijiUITests;
				PRODUCT_NAME = "$(TARGET_NAME)";
				TEST_TARGET_NAME = mMiji;
				USES_XCTRUNNER = YES;
			};
			name = Release;
		};
/* End XCBuildConfiguration section */

/* Begin XCConfigurationList section */
		E79534591BDA499A00C1C93C /* Build configuration list for PBXProject "mMiji" */ = {
			isa = XCConfigurationList;
			buildConfigurations = (
				E79534841BDA499A00C1C93C /* Debug */,
				E79534851BDA499A00C1C93C /* Release */,
			);
			defaultConfigurationIsVisible = 0;
			defaultConfigurationName = Release;
		};
		E79534861BDA499A00C1C93C /* Build configuration list for PBXNativeTarget "mMiji" */ = {
			isa = XCConfigurationList;
			buildConfigurations = (
				E79534871BDA499A00C1C93C /* Debug */,
				E79534881BDA499A00C1C93C /* Release */,
			);
			defaultConfigurationIsVisible = 0;
			defaultConfigurationName = Release;
		};
		E79534891BDA499A00C1C93C /* Build configuration list for PBXNativeTarget "mMijiTests" */ = {
			isa = XCConfigurationList;
			buildConfigurations = (
				E795348A1BDA499A00C1C93C /* Debug */,
				E795348B1BDA499A00C1C93C /* Release */,
			);
			defaultConfigurationIsVisible = 0;
			defaultConfigurationName = Release;
		};
		E795348C1BDA499A00C1C93C /* Build configuration list for PBXNativeTarget "mMijiUITests" */ = {
			isa = XCConfigurationList;
			buildConfigurations = (
				E795348D1BDA499A00C1C93C /* Debug */,
				E795348E1BDA499A00C1C93C /* Release */,
			);
			defaultConfigurationIsVisible = 0;
			defaultConfigurationName = Release;
		};
/* End XCConfigurationList section */
	};
	rootObject = E79534561BDA499A00C1C93C /* Project object */;
}
